
Microsoft Visual Studio Solution File, Format Version 12.00
# Visual Studio 15
VisualStudioVersion = 15.0.28307.168
MinimumVisualStudioVersion = 10.0.40219.1
Project("{FAE04EC0-301F-11D3-BF4B-00C04F79EFBC}") = "CasualWord.Android", "CasualWord\CasualWord.Android\CasualWord.Android.csproj", "{F98BFB30-04B3-44BF-9387-AA2BB43DCE27}"
EndProject
Project("{FAE04EC0-301F-11D3-BF4B-00C04F79EFBC}") = "CasualWord.iOS", "CasualWord\CasualWord.iOS\CasualWord.iOS.csproj", "{8D055274-7A44-445F-A645-8144DE85EE65}"
EndProject
Project("{9A19103F-16F7-4668-BE54-9A1E7A4F7556}") = "CasualWord", "CasualWord\CasualWord\CasualWord.csproj", "{64E03943-6DB0-4692-9590-3E51C8B449A3}"
EndProject
Global
	GlobalSection(SolutionConfigurationPlatforms) = preSolution
		Ad-Hoc|Any CPU = Ad-Hoc|Any CPU
		Ad-Hoc|iPhone = Ad-Hoc|iPhone
		Ad-Hoc|iPhoneSimulator = Ad-Hoc|iPhoneSimulator
		AppStore|Any CPU = AppStore|Any CPU
		AppStore|iPhone = AppStore|iPhone
		AppStore|iPhoneSimulator = AppStore|iPhoneSimulator
		Debug|Any CPU = Debug|Any CPU
		Debug|iPhone = Debug|iPhone
		Debug|iPhoneSimulator = Debug|iPhoneSimulator
		Release|Any CPU = Release|Any CPU
		Release|iPhone = Release|iPhone
		Release|iPhoneSimulator = Release|iPhoneSimulator
	EndGlobalSection
	GlobalSection(ProjectConfigurationPlatforms) = postSolution
		{F98BFB30-04B3-44BF-9387-AA2BB43DCE27}.Ad-Hoc|Any CPU.ActiveCfg = Release|Any CPU
		{F98BFB30-04B3-44BF-9387-AA2BB43DCE27}.Ad-Hoc|Any CPU.Build.0 = Release|Any CPU
		{F98BFB30-04B3-44BF-9387-AA2BB43DCE27}.Ad-Hoc|Any CPU.Deploy.0 = Release|Any CPU
		{F98BFB30-04B3-44BF-9387-AA2BB43DCE27}.Ad-Hoc|iPhone.ActiveCfg = Release|Any CPU
		{F98BFB30-04B3-44BF-9387-AA2BB43DCE27}.Ad-Hoc|iPhone.Build.0 = Release|Any CPU
		{F98BFB30-04B3-44BF-9387-AA2BB43DCE27}.Ad-Hoc|iPhone.Deploy.0 = Release|Any CPU
		{F98BFB30-04B3-44BF-9387-AA2BB43DCE27}.Ad-Hoc|iPhoneSimulator.ActiveCfg = Release|Any CPU
		{F98BFB30-04B3-44BF-9387-AA2BB43DCE27}.Ad-Hoc|iPhoneSimulator.Build.0 = Release|Any CPU
		{F98BFB30-04B3-44BF-9387-AA2BB43DCE27}.Ad-Hoc|iPhoneSimulator.Deploy.0 = Release|Any CPU
		{F98BFB30-04B3-44BF-9387-AA2BB43DCE27}.AppStore|Any CPU.ActiveCfg = Release|Any CPU
		{F98BFB30-04B3-44BF-9387-AA2BB43DCE27}.AppStore|Any CPU.Build.0 = Release|Any CPU
		{F98BFB30-04B3-44BF-9387-AA2BB43DCE27}.AppStore|Any CPU.Deploy.0 = Release|Any CPU
		{F98BFB30-04B3-44BF-9387-AA2BB43DCE27}.AppStore|iPhone.ActiveCfg = Release|Any CPU
		{F98BFB30-04B3-44BF-9387-AA2BB43DCE27}.AppStore|iPhone.Build.0 = Release|Any CPU
		{F98BFB30-04B3-44BF-9387-AA2BB43DCE27}.AppStore|iPhone.Deploy.0 = Release|Any CPU
		{F98BFB30-04B3-44BF-9387-AA2BB43DCE27}.AppStore|iPhoneSimulator.ActiveCfg = Release|Any CPU
		{F98BFB30-04B3-44BF-9387-AA2BB43DCE27}.AppStore|iPhoneSimulator.Build.0 = Release|Any CPU
		{F98BFB30-04B3-44BF-9387-AA2BB43DCE27}.AppStore|iPhoneSimulator.Deploy.0 = Release|Any CPU
		{F98BFB30-04B3-44BF-9387-AA2BB43DCE27}.Debug|Any CPU.ActiveCfg = Debug|Any CPU
		{F98BFB30-04B3-44BF-9387-AA2BB43DCE27}.Debug|Any CPU.Build.0 = Debug|Any CPU
		{F98BFB30-04B3-44BF-9387-AA2BB43DCE27}.Debug|Any CPU.Deploy.0 = Debug|Any CPU
		{F98BFB30-04B3-44BF-9387-AA2BB43DCE27}.Debug|iPhone.ActiveCfg = Debug|Any CPU
		{F98BFB30-04B3-44BF-9387-AA2BB43DCE27}.Debug|iPhone.Build.0 = Debug|Any CPU
		{F98BFB30-04B3-44BF-9387-AA2BB43DCE27}.Debug|iPhone.Deploy.0 = Debug|Any CPU
		{F98BFB30-04B3-44BF-9387-AA2BB43DCE27}.Debug|iPhoneSimulator.ActiveCfg = Debug|Any CPU
		{F98BFB30-04B3-44BF-9387-AA2BB43DCE27}.Debug|iPhoneSimulator.Build.0 = Debug|Any CPU
		{F98BFB30-04B3-44BF-9387-AA2BB43DCE27}.Debug|iPhoneSimulator.Deploy.0 = Debug|Any CPU
		{F98BFB30-04B3-44BF-9387-AA2BB43DCE27}.Release|Any CPU.ActiveCfg = Release|Any CPU
		{F98BFB30-04B3-44BF-9387-AA2BB43DCE27}.Release|Any CPU.Build.0 = Release|Any CPU
		{F98BFB30-04B3-44BF-9387-AA2BB43DCE27}.Release|Any CPU.Deploy.0 = Release|Any CPU
		{F98BFB30-04B3-44BF-9387-AA2BB43DCE27}.Release|iPhone.ActiveCfg = Release|Any CPU
		{F98BFB30-04B3-44BF-9387-AA2BB43DCE27}.Release|iPhone.Build.0 = Release|Any CPU
		{F98BFB30-04B3-44BF-9387-AA2BB43DCE27}.Release|iPhone.Deploy.0 = Release|Any CPU
		{F98BFB30-04B3-44BF-9387-AA2BB43DCE27}.Release|iPhoneSimulator.ActiveCfg = Release|Any CPU
		{F98BFB30-04B3-44BF-9387-AA2BB43DCE27}.Release|iPhoneSimulator.Build.0 = Release|Any CPU
		{F98BFB30-04B3-44BF-9387-AA2BB43DCE27}.Release|iPhoneSimulator.Deploy.0 = Release|Any CPU
		{8D055274-7A44-445F-A645-8144DE85EE65}.Ad-Hoc|Any CPU.ActiveCfg = Ad-Hoc|iPhone
		{8D055274-7A44-445F-A645-8144DE85EE65}.Ad-Hoc|Any CPU.Build.0 = Ad-Hoc|iPhone
		{8D055274-7A44-445F-A645-8144DE85EE65}.Ad-Hoc|Any CPU.Deploy.0 = Ad-Hoc|iPhone
		{8D055274-7A44-445F-A645-8144DE85EE65}.Ad-Hoc|iPhone.ActiveCfg = Ad-Hoc|iPhone
		{8D055274-7A44-445F-A645-8144DE85EE65}.Ad-Hoc|iPhone.Build.0 = Ad-Hoc|iPhone
		{8D055274-7A44-445F-A645-8144DE85EE65}.Ad-Hoc|iPhone.Deploy.0 = Ad-Hoc|iPhone
		{8D055274-7A44-445F-A645-8144DE85EE65}.Ad-Hoc|iPhoneSimulator.ActiveCfg = Ad-Hoc|iPhoneSimulator
		{8D055274-7A44-445F-A645-8144DE85EE65}.Ad-Hoc|iPhoneSimulator.Build.0 = Ad-Hoc|iPhoneSimulator
		{8D055274-7A44-445F-A645-8144DE85EE65}.Ad-Hoc|iPhoneSimulator.Deploy.0 = Ad-Hoc|iPhoneSimulator
		{8D055274-7A44-445F-A645-8144DE85EE65}.AppStore|Any CPU.ActiveCfg = AppStore|iPhone
		{8D055274-7A44-445F-A645-8144DE85EE65}.AppStore|Any CPU.Build.0 = AppStore|iPhone
		{8D055274-7A44-445F-A645-8144DE85EE65}.AppStore|Any CPU.Deploy.0 = AppStore|iPhone
		{8D055274-7A44-445F-A645-8144DE85EE65}.AppStore|iPhone.ActiveCfg = AppStore|iPhone
		{8D055274-7A44-445F-A645-8144DE85EE65}.AppStore|iPhone.Build.0 = AppStore|iPhone
		{8D055274-7A44-445F-A645-8144DE85EE65}.AppStore|iPhone.Deploy.0 = AppStore|iPhone
		{8D055274-7A44-445F-A645-8144DE85EE65}.AppStore|iPhoneSimulator.ActiveCfg = AppStore|iPhoneSimulator
		{8D055274-7A44-445F-A645-8144DE85EE65}.AppStore|iPhoneSimulator.Build.0 = AppStore|iPhoneSimulator
		{8D055274-7A44-445F-A645-8144DE85EE65}.AppStore|iPhoneSimulator.Deploy.0 = AppStore|iPhoneSimulator
		{8D055274-7A44-445F-A645-8144DE85EE65}.Debug|Any CPU.ActiveCfg = Debug|iPhone
		{8D055274-7A44-445F-A645-8144DE85EE65}.Debug|Any CPU.Build.0 = Debug|iPhone
		{8D055274-7A44-445F-A645-8144DE85EE65}.Debug|Any CPU.Deploy.0 = Debug|iPhone
		{8D055274-7A44-445F-A645-8144DE85EE65}.Debug|iPhone.ActiveCfg = Debug|iPhone
		{8D055274-7A44-445F-A645-8144DE85EE65}.Debug|iPhone.Build.0 = Debug|iPhone
		{8D055274-7A44-445F-A645-8144DE85EE65}.Debug|iPhone.Deploy.0 = Debug|iPhone
		{8D055274-7A44-445F-A645-8144DE85EE65}.Debug|iPhoneSimulator.ActiveCfg = Debug|iPhoneSimulator
		{8D055274-7A44-445F-A645-8144DE85EE65}.Debug|iPhoneSimulator.Build.0 = Debug|iPhoneSimulator
		{8D055274-7A44-445F-A645-8144DE85EE65}.Debug|iPhoneSimulator.Deploy.0 = Debug|iPhoneSimulator
		{8D055274-7A44-445F-A645-8144DE85EE65}.Release|Any CPU.ActiveCfg = Release|iPhone
		{8D055274-7A44-445F-A645-8144DE85EE65}.Release|Any CPU.Build.0 = Release|iPhone
		{8D055274-7A44-445F-A645-8144DE85EE65}.Release|Any CPU.Deploy.0 = Release|iPhone
		{8D055274-7A44-445F-A645-8144DE85EE65}.Release|iPhone.ActiveCfg = Release|iPhone
		{8D055274-7A44-445F-A645-8144DE85EE65}.Release|iPhone.Build.0 = Release|iPhone
		{8D055274-7A44-445F-A645-8144DE85EE65}.Release|iPhone.Deploy.0 = Release|iPhone
		{8D055274-7A44-445F-A645-8144DE85EE65}.Release|iPhoneSimulator.ActiveCfg = Release|iPhoneSimulator
		{8D055274-7A44-445F-A645-8144DE85EE65}.Release|iPhoneSimulator.Build.0 = Release|iPhoneSimulator
		{8D055274-7A44-445F-A645-8144DE85EE65}.Release|iPhoneSimulator.Deploy.0 = Release|iPhoneSimulator
		{64E03943-6DB0-4692-9590-3E51C8B449A3}.Ad-Hoc|Any CPU.ActiveCfg = Debug|Any CPU
		{64E03943-6DB0-4692-9590-3E51C8B449A3}.Ad-Hoc|Any CPU.Build.0 = Debug|Any CPU
		{64E03943-6DB0-4692-9590-3E51C8B449A3}.Ad-Hoc|Any CPU.Deploy.0 = Debug|Any CPU
		{64E03943-6DB0-4692-9590-3E51C8B449A3}.Ad-Hoc|iPhone.ActiveCfg = Debug|Any CPU
		{64E03943-6DB0-4692-9590-3E51C8B449A3}.Ad-Hoc|iPhone.Build.0 = Debug|Any CPU
		{64E03943-6DB0-4692-9590-3E51C8B449A3}.Ad-Hoc|iPhone.Deploy.0 = Debug|Any CPU
		{64E03943-6DB0-4692-9590-3E51C8B449A3}.Ad-Hoc|iPhoneSimulator.ActiveCfg = Debug|Any CPU
		{64E03943-6DB0-4692-9590-3E51C8B449A3}.Ad-Hoc|iPhoneSimulator.Build.0 = Debug|Any CPU
		{64E03943-6DB0-4692-9590-3E51C8B449A3}.Ad-Hoc|iPhoneSimulator.Deploy.0 = Debug|Any CPU
		{64E03943-6DB0-4692-9590-3E51C8B449A3}.AppStore|Any CPU.ActiveCfg = Debug|Any CPU
		{64E03943-6DB0-4692-9590-3E51C8B449A3}.AppStore|Any CPU.Build.0 = Debug|Any CPU
		{64E03943-6DB0-4692-9590-3E51C8B449A3}.AppStore|Any CPU.Deploy.0 = Debug|Any CPU
		{64E03943-6DB0-4692-9590-3E51C8B449A3}.AppStore|iPhone.ActiveCfg = Debug|Any CPU
		{64E03943-6DB0-4692-9590-3E51C8B449A3}.AppStore|iPhone.Build.0 = Debug|Any CPU
		{64E03943-6DB0-4692-9590-3E51C8B449A3}.AppStore|iPhone.Deploy.0 = Debug|Any CPU
		{64E03943-6DB0-4692-9590-3E51C8B449A3}.AppStore|iPhoneSimulator.ActiveCfg = Debug|Any CPU
		{64E03943-6DB0-4692-9590-3E51C8B449A3}.AppStore|iPhoneSimulator.Build.0 = Debug|Any CPU
		{64E03943-6DB0-4692-9590-3E51C8B449A3}.AppStore|iPhoneSimulator.Deploy.0 = Debug|Any CPU
		{64E03943-6DB0-4692-9590-3E51C8B449A3}.Debug|Any CPU.ActiveCfg = Debug|Any CPU
		{64E03943-6DB0-4692-9590-3E51C8B449A3}.Debug|Any CPU.Build.0 = Debug|Any CPU
		{64E03943-6DB0-4692-9590-3E51C8B449A3}.Debug|Any CPU.Deploy.0 = Debug|Any CPU
		{64E03943-6DB0-4692-9590-3E51C8B449A3}.Debug|iPhone.ActiveCfg = Debug|Any CPU
		{64E03943-6DB0-4692-9590-3E51C8B449A3}.Debug|iPhone.Build.0 = Debug|Any CPU
		{64E03943-6DB0-4692-9590-3E51C8B449A3}.Debug|iPhone.Deploy.0 = Debug|Any CPU
		{64E03943-6DB0-4692-9590-3E51C8B449A3}.Debug|iPhoneSimulator.ActiveCfg = Debug|Any CPU
		{64E03943-6DB0-4692-9590-3E51C8B449A3}.Debug|iPhoneSimulator.Build.0 = Debug|Any CPU
		{64E03943-6DB0-4692-9590-3E51C8B449A3}.Debug|iPhoneSimulator.Deploy.0 = Debug|Any CPU
		{64E03943-6DB0-4692-9590-3E51C8B449A3}.Release|Any CPU.ActiveCfg = Release|Any CPU
		{64E03943-6DB0-4692-9590-3E51C8B449A3}.Release|Any CPU.Build.0 = Release|Any CPU
		{64E03943-6DB0-4692-9590-3E51C8B449A3}.Release|Any CPU.Deploy.0 = Release|Any CPU
		{64E03943-6DB0-4692-9590-3E51C8B449A3}.Release|iPhone.ActiveCfg = Release|Any CPU
		{64E03943-6DB0-4692-9590-3E51C8B449A3}.Release|iPhone.Build.0 = Release|Any CPU
		{64E03943-6DB0-4692-9590-3E51C8B449A3}.Release|iPhone.Deploy.0 = Release|Any CPU
		{64E03943-6DB0-4692-9590-3E51C8B449A3}.Release|iPhoneSimulator.ActiveCfg = Release|Any CPU
		{64E03943-6DB0-4692-9590-3E51C8B449A3}.Release|iPhoneSimulator.Build.0 = Release|Any CPU
		{64E03943-6DB0-4692-9590-3E51C8B449A3}.Release|iPhoneSimulator.Deploy.0 = Release|Any CPU
	EndGlobalSection
	GlobalSection(SolutionProperties) = preSolution
		HideSolutionNode = FALSE
	EndGlobalSection
	GlobalSection(ExtensibilityGlobals) = postSolution
		SolutionGuid = {901B55CE-78D1-4C07-BF57-0750D9CF6EFF}
	EndGlobalSection
EndGlobal
